
Microsoft Visual Studio Solution File, Format Version 12.00
# Visual Studio Version 16
VisualStudioVersion = 16.0.31605.320
MinimumVisualStudioVersion = 10.0.40219.1
Project("{FAE04EC0-301F-11D3-BF4B-00C04F79EFBC}") = "productmanagementsystems", "productmanagementsystems\productmanagementsystems.csproj", "{599E5F2A-E24B-4F1F-819C-CDAABF9D8D5E}"
EndProject
Global
	GlobalSection(SolutionConfigurationPlatforms) = preSolution
		Debug|Any CPU = Debug|Any CPU
		Release|Any CPU = Release|Any CPU
	EndGlobalSection
	GlobalSection(ProjectConfigurationPlatforms) = postSolution
		{599E5F2A-E24B-4F1F-819C-CDAABF9D8D5E}.Debug|Any CPU.ActiveCfg = Debug|Any CPU
		{599E5F2A-E24B-4F1F-819C-CDAABF9D8D5E}.Debug|Any CPU.Build.0 = Debug|Any CPU
		{599E5F2A-E24B-4F1F-819C-CDAABF9D8D5E}.Release|Any CPU.ActiveCfg = Release|Any CPU
		{599E5F2A-E24B-4F1F-819C-CDAABF9D8D5E}.Release|Any CPU.Build.0 = Release|Any CPU
	EndGlobalSection
	GlobalSection(SolutionProperties) = preSolution
		HideSolutionNode = FALSE
	EndGlobalSection
	GlobalSection(ExtensibilityGlobals) = postSolution
		SolutionGuid = {F2D89E58-8F7B-47A8-AE7A-5B6DF7FF18F8}
	EndGlobalSection
EndGlobal
